
Microsoft Visual Studio Solution File, Format Version 12.00
# Visual Studio Version 16
VisualStudioVersion = 16.0.30011.22
MinimumVisualStudioVersion = 10.0.40219.1
Project("{FAE04EC0-301F-11D3-BF4B-00C04F79EFBC}") = "cP", "cP\cP.csproj", "{415729FC-59BE-4B16-B938-5DFFD741BC2E}"
EndProject
Global
	GlobalSection(SolutionConfigurationPlatforms) = preSolution
		Debug|Any CPU = Debug|Any CPU
		Release|Any CPU = Release|Any CPU
	EndGlobalSection
	GlobalSection(ProjectConfigurationPlatforms) = postSolution
		{415729FC-59BE-4B16-B938-5DFFD741BC2E}.Debug|Any CPU.ActiveCfg = Debug|Any CPU
		{415729FC-59BE-4B16-B938-5DFFD741BC2E}.Debug|Any CPU.Build.0 = Debug|Any CPU
		{415729FC-59BE-4B16-B938-5DFFD741BC2E}.Release|Any CPU.ActiveCfg = Release|Any CPU
		{415729FC-59BE-4B16-B938-5DFFD741BC2E}.Release|Any CPU.Build.0 = Release|Any CPU
	EndGlobalSection
	GlobalSection(SolutionProperties) = preSolution
		HideSolutionNode = FALSE
	EndGlobalSection
	GlobalSection(ExtensibilityGlobals) = postSolution
		SolutionGuid = {BCDCD7BB-4289-4F4D-8024-0BDFDEDA2105}
	EndGlobalSection
EndGlobal
